<?xml version="1.0" encoding="utf-8"?>
<Project ToolsVersion="4.0" xmlns="http://schemas.microsoft.com/developer/msbuild/2003">
  <ItemGroup>
    <Filter Include="Fichiers sources">
      <UniqueIdentifier>{4FC737F1-C7A5-4376-A066-2A32D752A2FF}</UniqueIdentifier>
      <Extensions>cpp;c;cc;cxx;def;odl;idl;hpj;bat;asm;asmx</Extensions>
    </Filter>
    <Filter Include="Fichiers d%27en-tête">
      <UniqueIdentifier>{93995380-89BD-4b04-88EB-625FBE52EBFB}</UniqueIdentifier>
      <Extensions>h;hpp;hxx;hm;inl;inc;xsd</Extensions>
    </Filter>
    <Filter Include="Fichiers de ressources">
      <UniqueIdentifier>{67DA6AB6-F800-4c08-8B7A-83BB121AAD01}</UniqueIdentifier>
      <Extensions>rc;ico;cur;bmp;dlg;rc2;rct;bin;rgs;gif;jpg;jpeg;jpe;resx;tiff;tif;png;wav;mfcribbon-ms</Extensions>
    </Filter>
    <Filter Include="Fichiers sources\system">
      <UniqueIdentifier>{5fde11c7-63e1-42a9-9fc2-25e8623cc5c4}</UniqueIdentifier>
    </Filter>
    <Filter Include="Fichiers d%27en-tête\system">
      <UniqueIdentifier>{7a7fb21d-dde8-470a-a12b-65c110cc7362}</UniqueIdentifier>
    </Filter>
    <Filter Include="Fichiers d%27en-tête\event">
      <UniqueIdentifier>{46ba5df7-4d4f-4ef6-9165-958c16cd81db}</UniqueIdentifier>
    </Filter>
    <Filter Include="Fichiers sources\event">
      <UniqueIdentifier>{01a9af41-eb78-43c1-8a3d-2a8f731170ff}</UniqueIdentifier>
    </Filter>
    <Filter Include="Fichiers sources\renderer">
      <UniqueIdentifier>{9799a4ee-5e1a-4cfa-a533-615e91c0e0f9}</UniqueIdentifier>
    </Filter>
    <Filter Include="Fichiers d%27en-tête\renderer">
      <UniqueIdentifier>{870641d8-955a-483e-93d8-545b2a399772}</UniqueIdentifier>
    </Filter>
    <Filter Include="Fichiers d%27en-tête\renderer\shapes">
      <UniqueIdentifier>{6f022fd6-09e7-4a7f-aa1d-7f1460bcf0a0}</UniqueIdentifier>
    </Filter>
    <Filter Include="Fichiers sources\renderer\shapes">
      <UniqueIdentifier>{6de5ac96-5202-4f26-be07-6479ecfea3c5}</UniqueIdentifier>
    </Filter>
    <Filter Include="Fichiers d%27en-tête\math">
      <UniqueIdentifier>{cad23680-4ba9-4ffb-ab2b-0221bd21421e}</UniqueIdentifier>
    </Filter>
    <Filter Include="Fichiers sources\math">
      <UniqueIdentifier>{3cf5a736-cc58-49ff-a86d-4c3aa57baaaf}</UniqueIdentifier>
    </Filter>
    <Filter Include="Fichiers d%27en-tête\renderer\shaders">
      <UniqueIdentifier>{594ae3af-54b8-4c88-9cf4-22288289461b}</UniqueIdentifier>
    </Filter>
    <Filter Include="Fichiers d%27en-tête\physics">
      <UniqueIdentifier>{d477dbe9-7a2c-410c-84c5-2b5f7a4e5985}</UniqueIdentifier>
    </Filter>
    <Filter Include="Fichiers sources\physics">
      <UniqueIdentifier>{ad56501a-9cac-4494-a577-ca987771a3d5}</UniqueIdentifier>
    </Filter>
    <Filter Include="Fichiers d%27en-tête\physics\forces">
      <UniqueIdentifier>{1095eb02-af58-4d37-9cb6-ed35c4d5c881}</UniqueIdentifier>
    </Filter>
    <Filter Include="Fichiers sources\physics\forces">
      <UniqueIdentifier>{bcfa37ce-ef61-4dad-94a0-f0b5a5d19cab}</UniqueIdentifier>
    </Filter>
  </ItemGroup>
  <ItemGroup>
    <ClCompile Include="src\Main.cpp">
      <Filter>Fichiers sources</Filter>
    </ClCompile>
    <ClCompile Include="src\system\INKApp.cpp">
      <Filter>Fichiers sources\system</Filter>
    </ClCompile>
    <ClCompile Include="src\system\INKFrame.cpp">
      <Filter>Fichiers sources\system</Filter>
    </ClCompile>
    <ClCompile Include="src\event\INKEventListener.cpp">
      <Filter>Fichiers sources\event</Filter>
    </ClCompile>
    <ClCompile Include="src\event\INKEventManager.cpp">
      <Filter>Fichiers sources\event</Filter>
    </ClCompile>
    <ClCompile Include="src\event\INKKeyEvent.cpp">
      <Filter>Fichiers sources\event</Filter>
    </ClCompile>
    <ClCompile Include="src\event\INKQuitEvent.cpp">
      <Filter>Fichiers sources\event</Filter>
    </ClCompile>
    <ClCompile Include="src\event\INKEvent.cpp">
      <Filter>Fichiers sources\event</Filter>
    </ClCompile>
    <ClCompile Include="src\renderer\INKRenderer.cpp">
      <Filter>Fichiers sources\renderer</Filter>
    </ClCompile>
    <ClCompile Include="src\renderer\shapes\INKSquareShape.cpp">
      <Filter>Fichiers sources\renderer\shapes</Filter>
    </ClCompile>
    <ClCompile Include="src\renderer\INKRenderable.cpp">
      <Filter>Fichiers sources\renderer</Filter>
    </ClCompile>
    <ClCompile Include="src\renderer\INKGLProgram.cpp">
      <Filter>Fichiers sources\renderer</Filter>
    </ClCompile>
    <ClCompile Include="src\math\INKMatrixStack.cpp">
      <Filter>Fichiers sources\math</Filter>
    </ClCompile>
    <ClCompile Include="src\system\INKCamera.cpp">
      <Filter>Fichiers sources\system</Filter>
    </ClCompile>
    <ClCompile Include="src\physics\INKParticle.cpp">
      <Filter>Fichiers sources\physics</Filter>
    </ClCompile>
    <ClCompile Include="src\physics\forces\INKForce.cpp">
      <Filter>Fichiers sources\physics\forces</Filter>
    </ClCompile>
    <ClCompile Include="src\physics\INKParticleSystem.cpp">
      <Filter>Fichiers sources\physics</Filter>
    </ClCompile>
    <ClCompile Include="src\physics\forces\INKConstantForce.cpp">
      <Filter>Fichiers sources\physics\forces</Filter>
    </ClCompile>
    <ClCompile Include="src\renderer\shapes\INKShape.cpp">
      <Filter>Fichiers sources\renderer\shapes</Filter>
    </ClCompile>
    <ClCompile Include="src\renderer\shapes\INKCustomShape.cpp">
      <Filter>Fichiers sources\renderer\shapes</Filter>
    </ClCompile>
    <ClCompile Include="src\physics\INKPhysicSolid.cpp">
      <Filter>Fichiers sources\physics</Filter>
    </ClCompile>
    <ClCompile Include="src\physics\forces\INKHookForce.cpp">
      <Filter>Fichiers sources\physics\forces</Filter>
    </ClCompile>
    <ClCompile Include="src\physics\forces\INKBrakeForce.cpp">
      <Filter>Fichiers sources\physics\forces</Filter>
    </ClCompile>
    <ClCompile Include="src\physics\INKQuadTreeParticleSystem.cpp">
      <Filter>Fichiers sources\physics</Filter>
    </ClCompile>
    <ClCompile Include="src\physics\INKFluidParticleSystem.cpp">
      <Filter>Fichiers sources\physics</Filter>
    </ClCompile>
    <ClCompile Include="src\physics\forces\INKDynamicSpringForce.cpp">
      <Filter>Fichiers sources\physics\forces</Filter>
    </ClCompile>
  </ItemGroup>
  <ItemGroup>
    <ClInclude Include="includes\system\INKApp.h">
      <Filter>Fichiers d%27en-tête\system</Filter>
    </ClInclude>
    <ClInclude Include="includes\system\INKFrame.h">
      <Filter>Fichiers d%27en-tête\system</Filter>
    </ClInclude>
    <ClInclude Include="includes\event\INKEventManager.h">
      <Filter>Fichiers d%27en-tête\event</Filter>
    </ClInclude>
    <ClInclude Include="includes\event\INKEventListener.h">
      <Filter>Fichiers d%27en-tête\event</Filter>
    </ClInclude>
    <ClInclude Include="includes\event\INKQuitEvent.h">
      <Filter>Fichiers d%27en-tête\event</Filter>
    </ClInclude>
    <ClInclude Include="includes\event\INKKeyEvent.h">
      <Filter>Fichiers d%27en-tête\event</Filter>
    </ClInclude>
    <ClInclude Include="includes\event\INKEvent.h">
      <Filter>Fichiers d%27en-tête\event</Filter>
    </ClInclude>
    <ClInclude Include="includes\renderer\INKRenderer.h">
      <Filter>Fichiers d%27en-tête\renderer</Filter>
    </ClInclude>
    <ClInclude Include="includes\renderer\shapes\INKSquareShape.h">
      <Filter>Fichiers d%27en-tête\renderer\shapes</Filter>
    </ClInclude>
    <ClInclude Include="includes\renderer\INKRenderable.h">
      <Filter>Fichiers d%27en-tête\renderer</Filter>
    </ClInclude>
    <ClInclude Include="includes\renderer\INKGLProgram.h">
      <Filter>Fichiers d%27en-tête\renderer</Filter>
    </ClInclude>
    <ClInclude Include="includes\math\INKMatrixStack.h">
      <Filter>Fichiers d%27en-tête\math</Filter>
    </ClInclude>
    <ClInclude Include="includes\system\INKCamera.h">
      <Filter>Fichiers d%27en-tête\system</Filter>
    </ClInclude>
    <ClInclude Include="includes\renderer\shaders\vs_default.h">
      <Filter>Fichiers d%27en-tête\renderer\shaders</Filter>
    </ClInclude>
    <ClInclude Include="includes\renderer\shaders\fs_default.h">
      <Filter>Fichiers d%27en-tête\renderer\shaders</Filter>
    </ClInclude>
    <ClInclude Include="includes\physics\INKParticle.h">
      <Filter>Fichiers d%27en-tête\physics</Filter>
    </ClInclude>
    <ClInclude Include="includes\physics\forces\INKForce.h">
      <Filter>Fichiers d%27en-tête\physics\forces</Filter>
    </ClInclude>
    <ClInclude Include="includes\physics\INKParticleSystem.h">
      <Filter>Fichiers d%27en-tête\physics</Filter>
    </ClInclude>
    <ClInclude Include="includes\physics\forces\INKConstantForce.h">
      <Filter>Fichiers d%27en-tête\physics\forces</Filter>
    </ClInclude>
    <ClInclude Include="includes\renderer\shapes\INKShape.h">
      <Filter>Fichiers d%27en-tête\renderer\shapes</Filter>
    </ClInclude>
    <ClInclude Include="includes\renderer\shapes\INKCustomShape.h">
      <Filter>Fichiers d%27en-tête\renderer\shapes</Filter>
    </ClInclude>
    <ClInclude Include="includes\physics\INKPhysicSolid.h">
      <Filter>Fichiers d%27en-tête\physics</Filter>
    </ClInclude>
    <ClInclude Include="includes\physics\forces\INKHookForce.h">
      <Filter>Fichiers d%27en-tête\physics\forces</Filter>
    </ClInclude>
    <ClInclude Include="includes\physics\forces\INKBrakeForce.h">
      <Filter>Fichiers d%27en-tête\physics\forces</Filter>
    </ClInclude>
    <ClInclude Include="includes\physics\INKQuadTreeParticleSystem.h">
      <Filter>Fichiers d%27en-tête\physics</Filter>
    </ClInclude>
    <ClInclude Include="includes\renderer\shaders\fs_particle.h">
      <Filter>Fichiers d%27en-tête\renderer\shaders</Filter>
    </ClInclude>
    <ClInclude Include="includes\renderer\shaders\vs_particle.h">
      <Filter>Fichiers d%27en-tête\renderer\shaders</Filter>
    </ClInclude>
    <ClInclude Include="includes\physics\INKFluidParticleSystem.h">
      <Filter>Fichiers d%27en-tête\physics</Filter>
    </ClInclude>
    <ClInclude Include="includes\physics\forces\INKDynamicSpringForce.h">
      <Filter>Fichiers d%27en-tête\physics\forces</Filter>
    </ClInclude>
  </ItemGroup>
</Project>