<?xml version="1.0" encoding="utf-8"?>
<Project ToolsVersion="4.0" xmlns="http://schemas.microsoft.com/developer/msbuild/2003">
  <ItemGroup>
    <Filter Include="Fichiers sources">
      <UniqueIdentifier>{4FC737F1-C7A5-4376-A066-2A32D752A2FF}</UniqueIdentifier>
      <Extensions>cpp;c;cc;cxx;def;odl;idl;hpj;bat;asm;asmx</Extensions>
    </Filter>
    <Filter Include="Fichiers d%27en-tête">
      <UniqueIdentifier>{93995380-89BD-4b04-88EB-625FBE52EBFB}</UniqueIdentifier>
      <Extensions>h;hpp;hxx;hm;inl;inc;xsd</Extensions>
    </Filter>
    <Filter Include="Fichiers de ressources">
      <UniqueIdentifier>{67DA6AB6-F800-4c08-8B7A-83BB121AAD01}</UniqueIdentifier>
      <Extensions>rc;ico;cur;bmp;dlg;rc2;rct;bin;rgs;gif;jpg;jpeg;jpe;resx;tiff;tif;png;wav;mfcribbon-ms</Extensions>
    </Filter>
    <Filter Include="Fichiers sources\system">
      <UniqueIdentifier>{5fde11c7-63e1-42a9-9fc2-25e8623cc5c4}</UniqueIdentifier>
    </Filter>
    <Filter Include="Fichiers d%27en-tête\system">
      <UniqueIdentifier>{7a7fb21d-dde8-470a-a12b-65c110cc7362}</UniqueIdentifier>
    </Filter>
    <Filter Include="Fichiers d%27en-tête\event">
      <UniqueIdentifier>{46ba5df7-4d4f-4ef6-9165-958c16cd81db}</UniqueIdentifier>
    </Filter>
    <Filter Include="Fichiers sources\event">
      <UniqueIdentifier>{01a9af41-eb78-43c1-8a3d-2a8f731170ff}</UniqueIdentifier>
    </Filter>
    <Filter Include="Fichiers sources\renderer">
      <UniqueIdentifier>{9799a4ee-5e1a-4cfa-a533-615e91c0e0f9}</UniqueIdentifier>
    </Filter>
    <Filter Include="Fichiers d%27en-tête\renderer">
      <UniqueIdentifier>{870641d8-955a-483e-93d8-545b2a399772}</UniqueIdentifier>
    </Filter>
    <Filter Include="Fichiers d%27en-tête\renderer\shapes">
      <UniqueIdentifier>{6f022fd6-09e7-4a7f-aa1d-7f1460bcf0a0}</UniqueIdentifier>
    </Filter>
    <Filter Include="Fichiers sources\renderer\shapes">
      <UniqueIdentifier>{6de5ac96-5202-4f26-be07-6479ecfea3c5}</UniqueIdentifier>
    </Filter>
  </ItemGroup>
  <ItemGroup>
    <ClCompile Include="src\Main.cpp">
      <Filter>Fichiers sources</Filter>
    </ClCompile>
    <ClCompile Include="src\system\INKApp.cpp">
      <Filter>Fichiers sources\system</Filter>
    </ClCompile>
    <ClCompile Include="src\system\INKFrame.cpp">
      <Filter>Fichiers sources\system</Filter>
    </ClCompile>
    <ClCompile Include="src\event\INKEventListener.cpp">
      <Filter>Fichiers sources\event</Filter>
    </ClCompile>
    <ClCompile Include="src\event\INKEventManager.cpp">
      <Filter>Fichiers sources\event</Filter>
    </ClCompile>
    <ClCompile Include="src\event\INKKeyEvent.cpp">
      <Filter>Fichiers sources\event</Filter>
    </ClCompile>
    <ClCompile Include="src\event\INKQuitEvent.cpp">
      <Filter>Fichiers sources\event</Filter>
    </ClCompile>
    <ClCompile Include="src\event\INKEvent.cpp">
      <Filter>Fichiers sources\event</Filter>
    </ClCompile>
    <ClCompile Include="src\renderer\INKRenderer.cpp">
      <Filter>Fichiers sources\renderer</Filter>
    </ClCompile>
    <ClCompile Include="src\renderer\shapes\INKSquareShape.cpp">
      <Filter>Fichiers sources\renderer\shapes</Filter>
    </ClCompile>
  </ItemGroup>
  <ItemGroup>
    <ClInclude Include="includes\system\INKApp.h">
      <Filter>Fichiers d%27en-tête\system</Filter>
    </ClInclude>
    <ClInclude Include="includes\system\INKFrame.h">
      <Filter>Fichiers d%27en-tête\system</Filter>
    </ClInclude>
    <ClInclude Include="includes\event\INKEventManager.h">
      <Filter>Fichiers d%27en-tête\event</Filter>
    </ClInclude>
    <ClInclude Include="includes\event\INKEventListener.h">
      <Filter>Fichiers d%27en-tête\event</Filter>
    </ClInclude>
    <ClInclude Include="includes\event\INKQuitEvent.h">
      <Filter>Fichiers d%27en-tête\event</Filter>
    </ClInclude>
    <ClInclude Include="includes\event\INKKeyEvent.h">
      <Filter>Fichiers d%27en-tête\event</Filter>
    </ClInclude>
    <ClInclude Include="includes\event\INKEvent.h">
      <Filter>Fichiers d%27en-tête\event</Filter>
    </ClInclude>
    <ClInclude Include="includes\renderer\INKRenderer.h">
      <Filter>Fichiers d%27en-tête\renderer</Filter>
    </ClInclude>
    <ClInclude Include="includes\renderer\shapes\INKSquareShape.h">
      <Filter>Fichiers d%27en-tête\renderer\shapes</Filter>
    </ClInclude>
  </ItemGroup>
</Project>